<Solution>
  <Project Path="InvoiceSystem.API/InvoiceSystem.API.csproj" />
  <Project Path="InvoiceSystem.Application/InvoiceSystem.Application.csproj" />
  <Project Path="InvoiceSystem.Core/InvoiceSystem.Core.csproj" />
  <Project Path="InvoiceSystem.Infrastructure/InvoiceSystem.Infrastructure.csproj" />
</Solution>
